PODS:
  - Alamofire (4.8.2)
  - APESuperHUD (2.0.1)
  - AWSCore (2.9.9)
  - Cachable (1.2.1)
  - ChameleonFramework/Default (2.1.0)
  - ChameleonFramework/Swift (2.1.0):
    - ChameleonFramework/Default
  - CVCalendar (1.6.2)
  - IQKeyboardManagerSwift (6.3.0)
  - LinearProgressBar (1.0.1)
  - ObjectMapper (3.5.0)
  - SDWebImage (5.0.6):
    - SDWebImage/Core (= 5.0.6)
  - SDWebImage/Core (5.0.6)
  - SVProgressHUD (2.2.5)

DEPENDENCIES:
  - Alamofire (~> 4.7)
  - APESuperHUD (from `https://github.com/apegroup/APESuperHUD.git`)
  - AWSCore
  - Cachable
  - ChameleonFramework/Swift (from `https://github.com/ViccAlexander/Chameleon.git`)
  - CVCalendar
  - IQKeyboardManagerSwift
  - LinearProgressBar
  - ObjectMapper (~> 3.1)
  - SDWebImage
  - SVProgressHUD

SPEC REPOS:
  https://github.com/cocoapods/specs.git:
    - Alamofire
    - AWSCore
    - Cachable
    - CVCalendar
    - IQKeyboardManagerSwift
    - LinearProgressBar
    - ObjectMapper
    - SDWebImage
    - SVProgressHUD

EXTERNAL SOURCES:
  APESuperHUD:
    :git: https://github.com/apegroup/APESuperHUD.git
  ChameleonFramework:
    :git: https://github.com/ViccAlexander/Chameleon.git

CHECKOUT OPTIONS:
  APESuperHUD:
    :commit: 7a94bfdcd78cb0b1795ce5e933cf911eac54ec89
    :git: https://github.com/apegroup/APESuperHUD.git
  ChameleonFramework:
    :commit: 6dd284bde21ea2e7f9fd89bc36f40df16e16369d
    :git: https://github.com/ViccAlexander/Chameleon.git

SPEC CHECKSUMS:
  Alamofire: ae5c501addb7afdbb13687d7f2f722c78734c2d3
  APESuperHUD: 18ce2f9f114dd38d8fef5a6831e71ae9634cfc26
  AWSCore: 705dbb60efeec05bc6bbee416e7f5e9837af0749
  Cachable: af3b7624756db339513c83fedeac67b046f22638
  ChameleonFramework: d21a3cc247abfe5e37609a283a8238b03575cf64
  CVCalendar: 515092247b9c5059855643c2a2220f259bd5417f
  IQKeyboardManagerSwift: a8228c257614af98743b4cd8584637025f36358f
  LinearProgressBar: f6a74dbabed229dbb1a7978089e2e4317a3a0ee0
  ObjectMapper: 078b564ed25c6578b62588e306bf1da3924636d4
  SDWebImage: 920f1a2ff1ca8296ad34f6e0510a1ef1d70ac965
  SVProgressHUD: 1428aafac632c1f86f62aa4243ec12008d7a51d6

PODFILE CHECKSUM: 15b6bd8558dddf772537e56f8efd4fd3b3ff635e

COCOAPODS: 1.6.1
